
Microsoft Visual Studio Solution File, Format Version 12.00
# Visual Studio Version 16
VisualStudioVersion = 16.0.30621.155
MinimumVisualStudioVersion = 10.0.40219.1
Project("{FAE04EC0-301F-11D3-BF4B-00C04F79EFBC}") = "SHDViewer", "SHDViewer\SHDViewer.csproj", "{922C7F4E-4B57-40A9-B4E5-66037444418A}"
EndProject
Global
	GlobalSection(SolutionConfigurationPlatforms) = preSolution
		Debug|Any CPU = Debug|Any CPU
		Release|Any CPU = Release|Any CPU
	EndGlobalSection
	GlobalSection(ProjectConfigurationPlatforms) = postSolution
		{922C7F4E-4B57-40A9-B4E5-66037444418A}.Debug|Any CPU.ActiveCfg = Debug|Any CPU
		{922C7F4E-4B57-40A9-B4E5-66037444418A}.Debug|Any CPU.Build.0 = Debug|Any CPU
		{922C7F4E-4B57-40A9-B4E5-66037444418A}.Release|Any CPU.ActiveCfg = Release|Any CPU
		{922C7F4E-4B57-40A9-B4E5-66037444418A}.Release|Any CPU.Build.0 = Release|Any CPU
	EndGlobalSection
	GlobalSection(SolutionProperties) = preSolution
		HideSolutionNode = FALSE
	EndGlobalSection
	GlobalSection(ExtensibilityGlobals) = postSolution
		SolutionGuid = {CF5A4F59-F203-4C73-91BB-9A24D03CD79B}
	EndGlobalSection
EndGlobal
